// !$*UTF8*$!
{
	archiveVersion = 1;
	classes = {
	};
	objectVersion = 46;
	objects = {

/* Begin PBXBuildFile section */
		087B3D791C44598300EC15EE /* AppDelegate.m in Sources */ = {isa = PBXBuildFile; fileRef = 087B3D781C44598300EC15EE /* AppDelegate.m */; };
		087B3D7C1C44598300EC15EE /* ViewController.m in Sources */ = {isa = PBXBuildFile; fileRef = 087B3D7B1C44598300EC15EE /* ViewController.m */; };
		087B3D811C44598300EC15EE /* Assets.xcassets in Resources */ = {isa = PBXBuildFile; fileRef = 087B3D801C44598300EC15EE /* Assets.xcassets */; };
		370333DF1CE4468F00B2F24D /* ResultsViewController.m in Sources */ = {isa = PBXBuildFile; fileRef = 370333DD1CE4468F00B2F24D /* ResultsViewController.m */; };
		370333E01CE4468F00B2F24D /* ResultsViewController.xib in Resources */ = {isa = PBXBuildFile; fileRef = 370333DE1CE4468F00B2F24D /* ResultsViewController.xib */; };
		370333E91CE44FF600B2F24D /* TwoTableCell.m in Sources */ = {isa = PBXBuildFile; fileRef = 370333E41CE44FF600B2F24D /* TwoTableCell.m */; };
		370333EA1CE44FF600B2F24D /* TwoTableCell.xib in Resources */ = {isa = PBXBuildFile; fileRef = 370333E51CE44FF600B2F24D /* TwoTableCell.xib */; };
		370333EB1CE44FF600B2F24D /* OneTableCell.m in Sources */ = {isa = PBXBuildFile; fileRef = 370333E71CE44FF600B2F24D /* OneTableCell.m */; };
		370333EC1CE44FF600B2F24D /* OneTableCell.xib in Resources */ = {isa = PBXBuildFile; fileRef = 370333E81CE44FF600B2F24D /* OneTableCell.xib */; };
		3769D0C71CED90E7000012A0 /* ConfirmSnapFill.framework in Frameworks */ = {isa = PBXBuildFile; fileRef = 3769D0C61CED90E7000012A0 /* ConfirmSnapFill.framework */; };
		3769D0CF1CED9B06000012A0 /* main.m in Sources */ = {isa = PBXBuildFile; fileRef = 3769D0CE1CED9B06000012A0 /* main.m */; };
		3769D0D81CED9CC1000012A0 /* LaunchScreen.storyboard in Resources */ = {isa = PBXBuildFile; fileRef = 3769D0D41CED9CC1000012A0 /* LaunchScreen.storyboard */; };
		3769D0D91CED9CC1000012A0 /* Main.storyboard in Resources */ = {isa = PBXBuildFile; fileRef = 3769D0D61CED9CC1000012A0 /* Main.storyboard */; };
		3769D0DA1CED9D7A000012A0 /* ConfirmSnapFill.framework in Embed Frameworks */ = {isa = PBXBuildFile; fileRef = 3769D0C61CED90E7000012A0 /* ConfirmSnapFill.framework */; settings = {ATTRIBUTES = (CodeSignOnCopy, RemoveHeadersOnCopy, ); }; };
/* End PBXBuildFile section */

/* Begin PBXCopyFilesBuildPhase section */
		081E0A741C598B8E00C0BF88 /* Embed Frameworks */ = {
			isa = PBXCopyFilesBuildPhase;
			buildActionMask = 2147483647;
			dstPath = "";
			dstSubfolderSpec = 10;
			files = (
				3769D0DA1CED9D7A000012A0 /* ConfirmSnapFill.framework in Embed Frameworks */,
			);
			name = "Embed Frameworks";
			runOnlyForDeploymentPostprocessing = 0;
		};
/* End PBXCopyFilesBuildPhase section */

/* Begin PBXFileReference section */
		087B3D711C44598300EC15EE /* ConfirmSnapFillSample.app */ = {isa = PBXFileReference; explicitFileType = wrapper.application; includeInIndex = 0; path = ConfirmSnapFillSample.app; sourceTree = BUILT_PRODUCTS_DIR; };
		087B3D751C44598300EC15EE /* main.m */ = {isa = PBXFileReference; lastKnownFileType = sourcecode.c.objc; path = main.m; sourceTree = "<group>"; };
		087B3D771C44598300EC15EE /* AppDelegate.h */ = {isa = PBXFileReference; lastKnownFileType = sourcecode.c.h; path = AppDelegate.h; sourceTree = "<group>"; };
		087B3D781C44598300EC15EE /* AppDelegate.m */ = {isa = PBXFileReference; lastKnownFileType = sourcecode.c.objc; path = AppDelegate.m; sourceTree = "<group>"; };
		087B3D7A1C44598300EC15EE /* ViewController.h */ = {isa = PBXFileReference; lastKnownFileType = sourcecode.c.h; path = ViewController.h; sourceTree = "<group>"; };
		087B3D7B1C44598300EC15EE /* ViewController.m */ = {isa = PBXFileReference; lastKnownFileType = sourcecode.c.objc; path = ViewController.m; sourceTree = "<group>"; };
		087B3D801C44598300EC15EE /* Assets.xcassets */ = {isa = PBXFileReference; lastKnownFileType = folder.assetcatalog; path = Assets.xcassets; sourceTree = "<group>"; };
		087B3D851C44598300EC15EE /* Info.plist */ = {isa = PBXFileReference; lastKnownFileType = text.plist.xml; path = Info.plist; sourceTree = "<group>"; };
		370333DC1CE4468F00B2F24D /* ResultsViewController.h */ = {isa = PBXFileReference; fileEncoding = 4; lastKnownFileType = sourcecode.c.h; path = ResultsViewController.h; sourceTree = "<group>"; };
		370333DD1CE4468F00B2F24D /* ResultsViewController.m */ = {isa = PBXFileReference; fileEncoding = 4; lastKnownFileType = sourcecode.c.objc; path = ResultsViewController.m; sourceTree = "<group>"; };
		370333DE1CE4468F00B2F24D /* ResultsViewController.xib */ = {isa = PBXFileReference; fileEncoding = 4; lastKnownFileType = file.xib; path = ResultsViewController.xib; sourceTree = "<group>"; };
		370333E31CE44FF600B2F24D /* TwoTableCell.h */ = {isa = PBXFileReference; fileEncoding = 4; lastKnownFileType = sourcecode.c.h; path = TwoTableCell.h; sourceTree = "<group>"; };
		370333E41CE44FF600B2F24D /* TwoTableCell.m */ = {isa = PBXFileReference; fileEncoding = 4; lastKnownFileType = sourcecode.c.objc; path = TwoTableCell.m; sourceTree = "<group>"; };
		370333E51CE44FF600B2F24D /* TwoTableCell.xib */ = {isa = PBXFileReference; fileEncoding = 4; lastKnownFileType = file.xib; path = TwoTableCell.xib; sourceTree = "<group>"; };
		370333E61CE44FF600B2F24D /* OneTableCell.h */ = {isa = PBXFileReference; fileEncoding = 4; lastKnownFileType = sourcecode.c.h; path = OneTableCell.h; sourceTree = "<group>"; };
		370333E71CE44FF600B2F24D /* OneTableCell.m */ = {isa = PBXFileReference; fileEncoding = 4; lastKnownFileType = sourcecode.c.objc; path = OneTableCell.m; sourceTree = "<group>"; };
		370333E81CE44FF600B2F24D /* OneTableCell.xib */ = {isa = PBXFileReference; fileEncoding = 4; lastKnownFileType = file.xib; path = OneTableCell.xib; sourceTree = "<group>"; };
		3769D0C61CED90E7000012A0 /* ConfirmSnapFill.framework */ = {isa = PBXFileReference; lastKnownFileType = wrapper.framework; path = ConfirmSnapFill.framework; sourceTree = "<group>"; };
		3769D0CE1CED9B06000012A0 /* main.m */ = {isa = PBXFileReference; fileEncoding = 4; lastKnownFileType = sourcecode.c.objc; path = main.m; sourceTree = "<group>"; };
		3769D0D51CED9CC1000012A0 /* Base */ = {isa = PBXFileReference; lastKnownFileType = file.storyboard; name = Base; path = Base.lproj/LaunchScreen.storyboard; sourceTree = "<group>"; };
		3769D0D71CED9CC1000012A0 /* Base */ = {isa = PBXFileReference; lastKnownFileType = file.storyboard; name = Base; path = Base.lproj/Main.storyboard; sourceTree = "<group>"; };
/* End PBXFileReference section */

/* Begin PBXFrameworksBuildPhase section */
		087B3D6E1C44598300EC15EE /* Frameworks */ = {
			isa = PBXFrameworksBuildPhase;
			buildActionMask = 2147483647;
			files = (
				3769D0C71CED90E7000012A0 /* ConfirmSnapFill.framework in Frameworks */,
			);
			runOnlyForDeploymentPostprocessing = 0;
		};
/* End PBXFrameworksBuildPhase section */

/* Begin PBXGroup section */
		087B3D681C44598300EC15EE = {
			isa = PBXGroup;
			children = (
				3769D0C51CED90E7000012A0 /* ConfirmSnapFill SDK */,
				370333E31CE44FF600B2F24D /* TwoTableCell.h */,
				370333E41CE44FF600B2F24D /* TwoTableCell.m */,
				370333E51CE44FF600B2F24D /* TwoTableCell.xib */,
				370333E61CE44FF600B2F24D /* OneTableCell.h */,
				370333E71CE44FF600B2F24D /* OneTableCell.m */,
				370333E81CE44FF600B2F24D /* OneTableCell.xib */,
				087B3D771C44598300EC15EE /* AppDelegate.h */,
				087B3D781C44598300EC15EE /* AppDelegate.m */,
				087B3D7A1C44598300EC15EE /* ViewController.h */,
				087B3D7B1C44598300EC15EE /* ViewController.m */,
				370333DC1CE4468F00B2F24D /* ResultsViewController.h */,
				370333DD1CE4468F00B2F24D /* ResultsViewController.m */,
				370333DE1CE4468F00B2F24D /* ResultsViewController.xib */,
				087B3D801C44598300EC15EE /* Assets.xcassets */,
				3769D0D41CED9CC1000012A0 /* LaunchScreen.storyboard */,
				3769D0D61CED9CC1000012A0 /* Main.storyboard */,
				087B3D851C44598300EC15EE /* Info.plist */,
				3769D0CE1CED9B06000012A0 /* main.m */,
				087B3D741C44598300EC15EE /* Supporting Files */,
				087B3D721C44598300EC15EE /* Products */,
			);
			indentWidth = 4;
			sourceTree = "<group>";
			tabWidth = 4;
		};
		087B3D721C44598300EC15EE /* Products */ = {
			isa = PBXGroup;
			children = (
				087B3D711C44598300EC15EE /* ConfirmSnapFillSample.app */,
			);
			name = Products;
			sourceTree = "<group>";
		};
		087B3D741C44598300EC15EE /* Supporting Files */ = {
			isa = PBXGroup;
			children = (
				087B3D751C44598300EC15EE /* main.m */,
			);
			name = "Supporting Files";
			path = Sample;
			sourceTree = "<group>";
		};
		3769D0C51CED90E7000012A0 /* ConfirmSnapFill SDK */ = {
			isa = PBXGroup;
			children = (
				3769D0C61CED90E7000012A0 /* ConfirmSnapFill.framework */,
			);
			name = "ConfirmSnapFill SDK";
			path = "../ConfirmSnapFill SDK";
			sourceTree = "<group>";
		};
/* End PBXGroup section */

/* Begin PBXNativeTarget section */
		087B3D701C44598300EC15EE /* ConfirmSnapFillSample */ = {
			isa = PBXNativeTarget;
			buildConfigurationList = 087B3D881C44598300EC15EE /* Build configuration list for PBXNativeTarget "ConfirmSnapFillSample" */;
			buildPhases = (
				087B3D6D1C44598300EC15EE /* Sources */,
				087B3D6E1C44598300EC15EE /* Frameworks */,
				087B3D6F1C44598300EC15EE /* Resources */,
				081E0A741C598B8E00C0BF88 /* Embed Frameworks */,
			);
			buildRules = (
			);
			dependencies = (
			);
			name = ConfirmSnapFillSample;
			productName = ConfirmKitExample;
			productReference = 087B3D711C44598300EC15EE /* ConfirmSnapFillSample.app */;
			productType = "com.apple.product-type.application";
		};
/* End PBXNativeTarget section */

/* Begin PBXProject section */
		087B3D691C44598300EC15EE /* Project object */ = {
			isa = PBXProject;
			attributes = {
				LastUpgradeCheck = 0720;
				TargetAttributes = {
					087B3D701C44598300EC15EE = {
						CreatedOnToolsVersion = 7.2;
						DevelopmentTeam = BK5D254QH8;
					};
				};
			};
			buildConfigurationList = 087B3D6C1C44598300EC15EE /* Build configuration list for PBXProject "ConfirmSnapFillSample" */;
			compatibilityVersion = "Xcode 3.2";
			developmentRegion = English;
			hasScannedForEncodings = 0;
			knownRegions = (
				en,
				Base,
			);
			mainGroup = 087B3D681C44598300EC15EE;
			productRefGroup = 087B3D721C44598300EC15EE /* Products */;
			projectDirPath = "";
			projectRoot = "";
			targets = (
				087B3D701C44598300EC15EE /* ConfirmSnapFillSample */,
			);
		};
/* End PBXProject section */

/* Begin PBXResourcesBuildPhase section */
		087B3D6F1C44598300EC15EE /* Resources */ = {
			isa = PBXResourcesBuildPhase;
			buildActionMask = 2147483647;
			files = (
				370333EC1CE44FF600B2F24D /* OneTableCell.xib in Resources */,
				370333EA1CE44FF600B2F24D /* TwoTableCell.xib in Resources */,
				370333E01CE4468F00B2F24D /* ResultsViewController.xib in Resources */,
				3769D0D91CED9CC1000012A0 /* Main.storyboard in Resources */,
				3769D0D81CED9CC1000012A0 /* LaunchScreen.storyboard in Resources */,
				087B3D811C44598300EC15EE /* Assets.xcassets in Resources */,
			);
			runOnlyForDeploymentPostprocessing = 0;
		};
/* End PBXResourcesBuildPhase section */

/* Begin PBXSourcesBuildPhase section */
		087B3D6D1C44598300EC15EE /* Sources */ = {
			isa = PBXSourcesBuildPhase;
			buildActionMask = 2147483647;
			files = (
				087B3D7C1C44598300EC15EE /* ViewController.m in Sources */,
				370333E91CE44FF600B2F24D /* TwoTableCell.m in Sources */,
				087B3D791C44598300EC15EE /* AppDelegate.m in Sources */,
				370333DF1CE4468F00B2F24D /* ResultsViewController.m in Sources */,
				3769D0CF1CED9B06000012A0 /* main.m in Sources */,
				370333EB1CE44FF600B2F24D /* OneTableCell.m in Sources */,
			);
			runOnlyForDeploymentPostprocessing = 0;
		};
/* End PBXSourcesBuildPhase section */

/* Begin PBXVariantGroup section */
		3769D0D41CED9CC1000012A0 /* LaunchScreen.storyboard */ = {
			isa = PBXVariantGroup;
			children = (
				3769D0D51CED9CC1000012A0 /* Base */,
			);
			name = LaunchScreen.storyboard;
			sourceTree = "<group>";
		};
		3769D0D61CED9CC1000012A0 /* Main.storyboard */ = {
			isa = PBXVariantGroup;
			children = (
				3769D0D71CED9CC1000012A0 /* Base */,
			);
			name = Main.storyboard;
			sourceTree = "<group>";
		};
/* End PBXVariantGroup section */

/* Begin XCBuildConfiguration section */
		087B3D861C44598300EC15EE /* Debug */ = {
			isa = XCBuildConfiguration;
			buildSettings = {
				ALWAYS_SEARCH_USER_PATHS = NO;
				CLANG_CXX_LANGUAGE_STANDARD = "gnu++0x";
				CLANG_CXX_LIBRARY = "libc++";
				CLANG_ENABLE_MODULES = YES;
				CLANG_ENABLE_OBJC_ARC = YES;
				CLANG_WARN_BOOL_CONVERSION = YES;
				CLANG_WARN_CONSTANT_CONVERSION = YES;
				CLANG_WARN_DIRECT_OBJC_ISA_USAGE = YES_ERROR;
				CLANG_WARN_EMPTY_BODY = YES;
				CLANG_WARN_ENUM_CONVERSION = YES;
				CLANG_WARN_INT_CONVERSION = YES;
				CLANG_WARN_OBJC_ROOT_CLASS = YES_ERROR;
				CLANG_WARN_UNREACHABLE_CODE = YES;
				CLANG_WARN__DUPLICATE_METHOD_MATCH = YES;
				"CODE_SIGN_IDENTITY[sdk=iphoneos*]" = "iPhone Developer";
				COPY_PHASE_STRIP = NO;
				DEBUG_INFORMATION_FORMAT = dwarf;
				ENABLE_STRICT_OBJC_MSGSEND = YES;
				ENABLE_TESTABILITY = YES;
				GCC_C_LANGUAGE_STANDARD = gnu99;
				GCC_DYNAMIC_NO_PIC = NO;
				GCC_NO_COMMON_BLOCKS = YES;
				GCC_OPTIMIZATION_LEVEL = 0;
				GCC_PREPROCESSOR_DEFINITIONS = (
					"DEBUG=1",
					"$(inherited)",
				);
				GCC_WARN_64_TO_32_BIT_CONVERSION = YES;
				GCC_WARN_ABOUT_RETURN_TYPE = YES_ERROR;
				GCC_WARN_UNDECLARED_SELECTOR = YES;
				GCC_WARN_UNINITIALIZED_AUTOS = YES_AGGRESSIVE;
				GCC_WARN_UNUSED_FUNCTION = YES;
				GCC_WARN_UNUSED_VARIABLE = YES;
				IPHONEOS_DEPLOYMENT_TARGET = 9.2;
				MTL_ENABLE_DEBUG_INFO = YES;
				ONLY_ACTIVE_ARCH = YES;
				SDKROOT = iphoneos;
				TARGETED_DEVICE_FAMILY = "1,2";
			};
			name = Debug;
		};
		087B3D871C44598300EC15EE /* Release */ = {
			isa = XCBuildConfiguration;
			buildSettings = {
				ALWAYS_SEARCH_USER_PATHS = NO;
				CLANG_CXX_LANGUAGE_STANDARD = "gnu++0x";
				CLANG_CXX_LIBRARY = "libc++";
				CLANG_ENABLE_MODULES = YES;
				CLANG_ENABLE_OBJC_ARC = YES;
				CLANG_WARN_BOOL_CONVERSION = YES;
				CLANG_WARN_CONSTANT_CONVERSION = YES;
				CLANG_WARN_DIRECT_OBJC_ISA_USAGE = YES_ERROR;
				CLANG_WARN_EMPTY_BODY = YES;
				CLANG_WARN_ENUM_CONVERSION = YES;
				CLANG_WARN_INT_CONVERSION = YES;
				CLANG_WARN_OBJC_ROOT_CLASS = YES_ERROR;
				CLANG_WARN_UNREACHABLE_CODE = YES;
				CLANG_WARN__DUPLICATE_METHOD_MATCH = YES;
				"CODE_SIGN_IDENTITY[sdk=iphoneos*]" = "iPhone Developer";
				COPY_PHASE_STRIP = NO;
				DEBUG_INFORMATION_FORMAT = "dwarf-with-dsym";
				ENABLE_NS_ASSERTIONS = NO;
				ENABLE_STRICT_OBJC_MSGSEND = YES;
				GCC_C_LANGUAGE_STANDARD = gnu99;
				GCC_NO_COMMON_BLOCKS = YES;
				GCC_WARN_64_TO_32_BIT_CONVERSION = YES;
				GCC_WARN_ABOUT_RETURN_TYPE = YES_ERROR;
				GCC_WARN_UNDECLARED_SELECTOR = YES;
				GCC_WARN_UNINITIALIZED_AUTOS = YES_AGGRESSIVE;
				GCC_WARN_UNUSED_FUNCTION = YES;
				GCC_WARN_UNUSED_VARIABLE = YES;
				IPHONEOS_DEPLOYMENT_TARGET = 9.2;
				MTL_ENABLE_DEBUG_INFO = NO;
				SDKROOT = iphoneos;
				TARGETED_DEVICE_FAMILY = "1,2";
				VALIDATE_PRODUCT = YES;
			};
			name = Release;
		};
		087B3D891C44598300EC15EE /* Debug */ = {
			isa = XCBuildConfiguration;
			buildSettings = {
				ASSETCATALOG_COMPILER_APPICON_NAME = AppIcon;
				CODE_SIGN_IDENTITY = "iPhone Developer";
				"CODE_SIGN_IDENTITY[sdk=iphoneos*]" = "iPhone Developer";
				ENABLE_BITCODE = NO;
				FRAMEWORK_SEARCH_PATHS = (
					"$(PROJECT_DIR)/../ConfirmSnapFill\\ SDK",
					"$(inherited)",
				);
				INFOPLIST_FILE = "$(SRCROOT)/Info.plist";
				IPHONEOS_DEPLOYMENT_TARGET = 8.0;
				LD_RUNPATH_SEARCH_PATHS = "$(inherited) @executable_path/Frameworks";
				PRODUCT_BUNDLE_IDENTIFIER = io.confirm.demo.ios.snapfill;
				PRODUCT_NAME = ConfirmSnapFillSample;
				PROVISIONING_PROFILE = "";
			};
			name = Debug;
		};
		087B3D8A1C44598300EC15EE /* Release */ = {
			isa = XCBuildConfiguration;
			buildSettings = {
				ASSETCATALOG_COMPILER_APPICON_NAME = AppIcon;
				CODE_SIGN_IDENTITY = "iPhone Developer";
				"CODE_SIGN_IDENTITY[sdk=iphoneos*]" = "iPhone Developer";
				ENABLE_BITCODE = NO;
				FRAMEWORK_SEARCH_PATHS = (
					"$(PROJECT_DIR)/../ConfirmSnapFill\\ SDK",
					"$(inherited)",
				);
				INFOPLIST_FILE = "$(SRCROOT)/Info.plist";
				IPHONEOS_DEPLOYMENT_TARGET = 8.0;
				LD_RUNPATH_SEARCH_PATHS = "$(inherited) @executable_path/Frameworks";
				PRODUCT_BUNDLE_IDENTIFIER = io.confirm.demo.ios.snapfill;
				PRODUCT_NAME = ConfirmSnapFillSample;
				PROVISIONING_PROFILE = "";
			};
			name = Release;
		};
/* End XCBuildConfiguration section */

/* Begin XCConfigurationList section */
		087B3D6C1C44598300EC15EE /* Build configuration list for PBXProject "ConfirmSnapFillSample" */ = {
			isa = XCConfigurationList;
			buildConfigurations = (
				087B3D861C44598300EC15EE /* Debug */,
				087B3D871C44598300EC15EE /* Release */,
			);
			defaultConfigurationIsVisible = 0;
			defaultConfigurationName = Release;
		};
		087B3D881C44598300EC15EE /* Build configuration list for PBXNativeTarget "ConfirmSnapFillSample" */ = {
			isa = XCConfigurationList;
			buildConfigurations = (
				087B3D891C44598300EC15EE /* Debug */,
				087B3D8A1C44598300EC15EE /* Release */,
			);
			defaultConfigurationIsVisible = 0;
			defaultConfigurationName = Release;
		};
/* End XCConfigurationList section */
	};
	rootObject = 087B3D691C44598300EC15EE /* Project object */;
}
